{
  "pins" : [
    {
      "identity" : "xctasyncassertions",
      "kind" : "remoteSourceControl",
      "location" : "https://github.com/CharlesJS/XCTAsyncAssertions",
      "state" : {
        "revision" : "1c8c478443c39905183700105889016788ba12ad",
        "version" : "0.1.1"
      }
    }
  ],
  "version" : 2
}
